
Microsoft Visual Studio Solution File, Format Version 12.00
# Visual Studio 15
VisualStudioVersion = 15.0.28307.421
MinimumVisualStudioVersion = 10.0.40219.1
Project("{FAE04EC0-301F-11D3-BF4B-00C04F79EFBC}") = "YJAPI", "YJAPI\YJAPI.csproj", "{AED2F6D1-CC12-452D-A0A8-B92094B0E04A}"
EndProject
Project("{FAE04EC0-301F-11D3-BF4B-00C04F79EFBC}") = "YJCommon", "YJCommon\YJCommon.csproj", "{D7D548C1-B921-47AF-B9D0-BF16E37FD61C}"
EndProject
Project("{FAE04EC0-301F-11D3-BF4B-00C04F79EFBC}") = "YJDAL", "YJDAL\YJDAL.csproj", "{BA6E2BA5-D731-4735-87D3-138945C6B652}"
EndProject
Project("{FAE04EC0-301F-11D3-BF4B-00C04F79EFBC}") = "YJModel", "YJModel\YJModel.csproj", "{CCB815B6-85AE-41D1-8467-EB0756AE0174}"
EndProject
Project("{FAE04EC0-301F-11D3-BF4B-00C04F79EFBC}") = "YJBLL", "YJBLL\YJBLL.csproj", "{508B960D-4ADC-41BF-A71A-5C364B6A309A}"
EndProject
Global
	GlobalSection(SolutionConfigurationPlatforms) = preSolution
		Debug|Any CPU = Debug|Any CPU
		Release|Any CPU = Release|Any CPU
	EndGlobalSection
	GlobalSection(ProjectConfigurationPlatforms) = postSolution
		{AED2F6D1-CC12-452D-A0A8-B92094B0E04A}.Debug|Any CPU.ActiveCfg = Debug|Any CPU
		{AED2F6D1-CC12-452D-A0A8-B92094B0E04A}.Debug|Any CPU.Build.0 = Debug|Any CPU
		{AED2F6D1-CC12-452D-A0A8-B92094B0E04A}.Release|Any CPU.ActiveCfg = Release|Any CPU
		{AED2F6D1-CC12-452D-A0A8-B92094B0E04A}.Release|Any CPU.Build.0 = Release|Any CPU
		{D7D548C1-B921-47AF-B9D0-BF16E37FD61C}.Debug|Any CPU.ActiveCfg = Debug|Any CPU
		{D7D548C1-B921-47AF-B9D0-BF16E37FD61C}.Debug|Any CPU.Build.0 = Debug|Any CPU
		{D7D548C1-B921-47AF-B9D0-BF16E37FD61C}.Release|Any CPU.ActiveCfg = Release|Any CPU
		{D7D548C1-B921-47AF-B9D0-BF16E37FD61C}.Release|Any CPU.Build.0 = Release|Any CPU
		{BA6E2BA5-D731-4735-87D3-138945C6B652}.Debug|Any CPU.ActiveCfg = Debug|Any CPU
		{BA6E2BA5-D731-4735-87D3-138945C6B652}.Debug|Any CPU.Build.0 = Debug|Any CPU
		{BA6E2BA5-D731-4735-87D3-138945C6B652}.Release|Any CPU.ActiveCfg = Release|Any CPU
		{BA6E2BA5-D731-4735-87D3-138945C6B652}.Release|Any CPU.Build.0 = Release|Any CPU
		{CCB815B6-85AE-41D1-8467-EB0756AE0174}.Debug|Any CPU.ActiveCfg = Debug|Any CPU
		{CCB815B6-85AE-41D1-8467-EB0756AE0174}.Debug|Any CPU.Build.0 = Debug|Any CPU
		{CCB815B6-85AE-41D1-8467-EB0756AE0174}.Release|Any CPU.ActiveCfg = Release|Any CPU
		{CCB815B6-85AE-41D1-8467-EB0756AE0174}.Release|Any CPU.Build.0 = Release|Any CPU
		{508B960D-4ADC-41BF-A71A-5C364B6A309A}.Debug|Any CPU.ActiveCfg = Debug|Any CPU
		{508B960D-4ADC-41BF-A71A-5C364B6A309A}.Debug|Any CPU.Build.0 = Debug|Any CPU
		{508B960D-4ADC-41BF-A71A-5C364B6A309A}.Release|Any CPU.ActiveCfg = Release|Any CPU
		{508B960D-4ADC-41BF-A71A-5C364B6A309A}.Release|Any CPU.Build.0 = Release|Any CPU
	EndGlobalSection
	GlobalSection(SolutionProperties) = preSolution
		HideSolutionNode = FALSE
	EndGlobalSection
	GlobalSection(ExtensibilityGlobals) = postSolution
		SolutionGuid = {3B5F8255-9178-4430-8160-A36EAF290D71}
	EndGlobalSection
EndGlobal
